// !$*UTF8*$!
{
	archiveVersion = 1;
	classes = {
	};
	objectVersion = 46;
	objects = {

/* Begin PBXBuildFile section */
		052FB1FA1DAF383400B6425B /* main.m in Sources */ = {isa = PBXBuildFile; fileRef = 052FB1F91DAF383400B6425B /* main.m */; };
		052FB1FD1DAF383400B6425B /* AppDelegate.m in Sources */ = {isa = PBXBuildFile; fileRef = 052FB1FC1DAF383400B6425B /* AppDelegate.m */; };
		052FB2001DAF383400B6425B /* ViewController.m in Sources */ = {isa = PBXBuildFile; fileRef = 052FB1FF1DAF383400B6425B /* ViewController.m */; };
		052FB2031DAF383400B6425B /* Main.storyboard in Resources */ = {isa = PBXBuildFile; fileRef = 052FB2011DAF383400B6425B /* Main.storyboard */; };
		052FB2051DAF383400B6425B /* Assets.xcassets in Resources */ = {isa = PBXBuildFile; fileRef = 052FB2041DAF383400B6425B /* Assets.xcassets */; };
		052FB2081DAF383400B6425B /* LaunchScreen.storyboard in Resources */ = {isa = PBXBuildFile; fileRef = 052FB2061DAF383400B6425B /* LaunchScreen.storyboard */; };
		053E17421DBB563C00C016BD /* WZMtest.m in Sources */ = {isa = PBXBuildFile; fileRef = 053E17411DBB563C00C016BD /* WZMtest.m */; };
		056FF27A1DB87AD10013B8F1 /* fastgame.png in Resources */ = {isa = PBXBuildFile; fileRef = 056FF2791DB87AD10013B8F1 /* fastgame.png */; };
/* End PBXBuildFile section */

/* Begin PBXFileReference section */
		052FB1F51DAF383400B6425B /* 123.app */ = {isa = PBXFileReference; explicitFileType = wrapper.application; includeInIndex = 0; path = 123.app; sourceTree = BUILT_PRODUCTS_DIR; };
		052FB1F91DAF383400B6425B /* main.m */ = {isa = PBXFileReference; lastKnownFileType = sourcecode.c.objc; path = main.m; sourceTree = "<group>"; };
		052FB1FB1DAF383400B6425B /* AppDelegate.h */ = {isa = PBXFileReference; lastKnownFileType = sourcecode.c.h; path = AppDelegate.h; sourceTree = "<group>"; };
		052FB1FC1DAF383400B6425B /* AppDelegate.m */ = {isa = PBXFileReference; lastKnownFileType = sourcecode.c.objc; path = AppDelegate.m; sourceTree = "<group>"; };
		052FB1FE1DAF383400B6425B /* ViewController.h */ = {isa = PBXFileReference; lastKnownFileType = sourcecode.c.h; path = ViewController.h; sourceTree = "<group>"; };
		052FB1FF1DAF383400B6425B /* ViewController.m */ = {isa = PBXFileReference; lastKnownFileType = sourcecode.c.objc; path = ViewController.m; sourceTree = "<group>"; };
		052FB2021DAF383400B6425B /* Base */ = {isa = PBXFileReference; lastKnownFileType = file.storyboard; name = Base; path = Base.lproj/Main.storyboard; sourceTree = "<group>"; };
		052FB2041DAF383400B6425B /* Assets.xcassets */ = {isa = PBXFileReference; lastKnownFileType = folder.assetcatalog; path = Assets.xcassets; sourceTree = "<group>"; };
		052FB2071DAF383400B6425B /* Base */ = {isa = PBXFileReference; lastKnownFileType = file.storyboard; name = Base; path = Base.lproj/LaunchScreen.storyboard; sourceTree = "<group>"; };
		052FB2091DAF383400B6425B /* Info.plist */ = {isa = PBXFileReference; lastKnownFileType = text.plist.xml; path = Info.plist; sourceTree = "<group>"; };
		053E17401DBB563C00C016BD /* WZMtest.h */ = {isa = PBXFileReference; fileEncoding = 4; lastKnownFileType = sourcecode.c.h; path = WZMtest.h; sourceTree = "<group>"; };
		053E17411DBB563C00C016BD /* WZMtest.m */ = {isa = PBXFileReference; fileEncoding = 4; lastKnownFileType = sourcecode.c.objc; path = WZMtest.m; sourceTree = "<group>"; };
		056FF2791DB87AD10013B8F1 /* fastgame.png */ = {isa = PBXFileReference; lastKnownFileType = image.png; path = fastgame.png; sourceTree = "<group>"; };
/* End PBXFileReference section */

/* Begin PBXFrameworksBuildPhase section */
		052FB1F21DAF383400B6425B /* Frameworks */ = {
			isa = PBXFrameworksBuildPhase;
			buildActionMask = 2147483647;
			files = (
			);
			runOnlyForDeploymentPostprocessing = 0;
		};
/* End PBXFrameworksBuildPhase section */

/* Begin PBXGroup section */
		052FB1EC1DAF383400B6425B = {
			isa = PBXGroup;
			children = (
				052FB1F71DAF383400B6425B /* 123 */,
				052FB1F61DAF383400B6425B /* Products */,
			);
			sourceTree = "<group>";
		};
		052FB1F61DAF383400B6425B /* Products */ = {
			isa = PBXGroup;
			children = (
				052FB1F51DAF383400B6425B /* 123.app */,
			);
			name = Products;
			sourceTree = "<group>";
		};
		052FB1F71DAF383400B6425B /* 123 */ = {
			isa = PBXGroup;
			children = (
				056FF2791DB87AD10013B8F1 /* fastgame.png */,
				052FB1FB1DAF383400B6425B /* AppDelegate.h */,
				052FB1FC1DAF383400B6425B /* AppDelegate.m */,
				052FB1FE1DAF383400B6425B /* ViewController.h */,
				052FB1FF1DAF383400B6425B /* ViewController.m */,
				053E17401DBB563C00C016BD /* WZMtest.h */,
				053E17411DBB563C00C016BD /* WZMtest.m */,
				052FB2011DAF383400B6425B /* Main.storyboard */,
				052FB2041DAF383400B6425B /* Assets.xcassets */,
				052FB2061DAF383400B6425B /* LaunchScreen.storyboard */,
				052FB2091DAF383400B6425B /* Info.plist */,
				052FB1F81DAF383400B6425B /* Supporting Files */,
			);
			path = 123;
			sourceTree = "<group>";
		};
		052FB1F81DAF383400B6425B /* Supporting Files */ = {
			isa = PBXGroup;
			children = (
				052FB1F91DAF383400B6425B /* main.m */,
			);
			name = "Supporting Files";
			sourceTree = "<group>";
		};
/* End PBXGroup section */

/* Begin PBXNativeTarget section */
		052FB1F41DAF383400B6425B /* 123 */ = {
			isa = PBXNativeTarget;
			buildConfigurationList = 052FB20C1DAF383400B6425B /* Build configuration list for PBXNativeTarget "123" */;
			buildPhases = (
				052FB1F11DAF383400B6425B /* Sources */,
				052FB1F21DAF383400B6425B /* Frameworks */,
				052FB1F31DAF383400B6425B /* Resources */,
			);
			buildRules = (
			);
			dependencies = (
			);
			name = 123;
			productName = 123;
			productReference = 052FB1F51DAF383400B6425B /* 123.app */;
			productType = "com.apple.product-type.application";
		};
/* End PBXNativeTarget section */

/* Begin PBXProject section */
		052FB1ED1DAF383400B6425B /* Project object */ = {
			isa = PBXProject;
			attributes = {
				LastUpgradeCheck = 0800;
				ORGANIZATIONNAME = WZM;
				TargetAttributes = {
					052FB1F41DAF383400B6425B = {
						CreatedOnToolsVersion = 8.0;
						DevelopmentTeam = Q498LWL48Q;
						ProvisioningStyle = Automatic;
					};
				};
			};
			buildConfigurationList = 052FB1F01DAF383400B6425B /* Build configuration list for PBXProject "123" */;
			compatibilityVersion = "Xcode 3.2";
			developmentRegion = English;
			hasScannedForEncodings = 0;
			knownRegions = (
				en,
				Base,
			);
			mainGroup = 052FB1EC1DAF383400B6425B;
			productRefGroup = 052FB1F61DAF383400B6425B /* Products */;
			projectDirPath = "";
			projectRoot = "";
			targets = (
				052FB1F41DAF383400B6425B /* 123 */,
			);
		};
/* End PBXProject section */

/* Begin PBXResourcesBuildPhase section */
		052FB1F31DAF383400B6425B /* Resources */ = {
			isa = PBXResourcesBuildPhase;
			buildActionMask = 2147483647;
			files = (
				052FB2081DAF383400B6425B /* LaunchScreen.storyboard in Resources */,
				052FB2051DAF383400B6425B /* Assets.xcassets in Resources */,
				052FB2031DAF383400B6425B /* Main.storyboard in Resources */,
				056FF27A1DB87AD10013B8F1 /* fastgame.png in Resources */,
			);
			runOnlyForDeploymentPostprocessing = 0;
		};
/* End PBXResourcesBuildPhase section */

/* Begin PBXSourcesBuildPhase section */
		052FB1F11DAF383400B6425B /* Sources */ = {
			isa = PBXSourcesBuildPhase;
			buildActionMask = 2147483647;
			files = (
				052FB2001DAF383400B6425B /* ViewController.m in Sources */,
				052FB1FD1DAF383400B6425B /* AppDelegate.m in Sources */,
				053E17421DBB563C00C016BD /* WZMtest.m in Sources */,
				052FB1FA1DAF383400B6425B /* main.m in Sources */,
			);
			runOnlyForDeploymentPostprocessing = 0;
		};
/* End PBXSourcesBuildPhase section */

/* Begin PBXVariantGroup section */
		052FB2011DAF383400B6425B /* Main.storyboard */ = {
			isa = PBXVariantGroup;
			children = (
				052FB2021DAF383400B6425B /* Base */,
			);
			name = Main.storyboard;
			sourceTree = "<group>";
		};
		052FB2061DAF383400B6425B /* LaunchScreen.storyboard */ = {
			isa = PBXVariantGroup;
			children = (
				052FB2071DAF383400B6425B /* Base */,
			);
			name = LaunchScreen.storyboard;
			sourceTree = "<group>";
		};
/* End PBXVariantGroup section */

/* Begin XCBuildConfiguration section */
		052FB20A1DAF383400B6425B /* Debug */ = {
			isa = XCBuildConfiguration;
			buildSettings = {
				ALWAYS_SEARCH_USER_PATHS = NO;
				CLANG_ANALYZER_NONNULL = YES;
				CLANG_CXX_LANGUAGE_STANDARD = "gnu++0x";
				CLANG_CXX_LIBRARY = "libc++";
				CLANG_ENABLE_MODULES = YES;
				CLANG_ENABLE_OBJC_ARC = YES;
				CLANG_WARN_BOOL_CONVERSION = YES;
				CLANG_WARN_CONSTANT_CONVERSION = YES;
				CLANG_WARN_DIRECT_OBJC_ISA_USAGE = YES_ERROR;
				CLANG_WARN_DOCUMENTATION_COMMENTS = YES;
				CLANG_WARN_EMPTY_BODY = YES;
				CLANG_WARN_ENUM_CONVERSION = YES;
				CLANG_WARN_INFINITE_RECURSION = YES;
				CLANG_WARN_INT_CONVERSION = YES;
				CLANG_WARN_OBJC_ROOT_CLASS = YES_ERROR;
				CLANG_WARN_SUSPICIOUS_MOVES = YES;
				CLANG_WARN_UNREACHABLE_CODE = YES;
				CLANG_WARN__DUPLICATE_METHOD_MATCH = YES;
				"CODE_SIGN_IDENTITY[sdk=iphoneos*]" = "iPhone Developer";
				COPY_PHASE_STRIP = NO;
				DEBUG_INFORMATION_FORMAT = dwarf;
				ENABLE_STRICT_OBJC_MSGSEND = YES;
				ENABLE_TESTABILITY = YES;
				GCC_C_LANGUAGE_STANDARD = gnu99;
				GCC_DYNAMIC_NO_PIC = NO;
				GCC_NO_COMMON_BLOCKS = YES;
				GCC_OPTIMIZATION_LEVEL = 0;
				GCC_PREPROCESSOR_DEFINITIONS = (
					"DEBUG=1",
					"$(inherited)",
				);
				GCC_WARN_64_TO_32_BIT_CONVERSION = YES;
				GCC_WARN_ABOUT_RETURN_TYPE = YES_ERROR;
				GCC_WARN_UNDECLARED_SELECTOR = YES;
				GCC_WARN_UNINITIALIZED_AUTOS = YES_AGGRESSIVE;
				GCC_WARN_UNUSED_FUNCTION = YES;
				GCC_WARN_UNUSED_VARIABLE = YES;
				IPHONEOS_DEPLOYMENT_TARGET = 10.0;
				MTL_ENABLE_DEBUG_INFO = YES;
				ONLY_ACTIVE_ARCH = YES;
				SDKROOT = iphoneos;
				TARGETED_DEVICE_FAMILY = "1,2";
			};
			name = Debug;
		};
		052FB20B1DAF383400B6425B /* Release */ = {
			isa = XCBuildConfiguration;
			buildSettings = {
				ALWAYS_SEARCH_USER_PATHS = NO;
				CLANG_ANALYZER_NONNULL = YES;
				CLANG_CXX_LANGUAGE_STANDARD = "gnu++0x";
				CLANG_CXX_LIBRARY = "libc++";
				CLANG_ENABLE_MODULES = YES;
				CLANG_ENABLE_OBJC_ARC = YES;
				CLANG_WARN_BOOL_CONVERSION = YES;
				CLANG_WARN_CONSTANT_CONVERSION = YES;
				CLANG_WARN_DIRECT_OBJC_ISA_USAGE = YES_ERROR;
				CLANG_WARN_DOCUMENTATION_COMMENTS = YES;
				CLANG_WARN_EMPTY_BODY = YES;
				CLANG_WARN_ENUM_CONVERSION = YES;
				CLANG_WARN_INFINITE_RECURSION = YES;
				CLANG_WARN_INT_CONVERSION = YES;
				CLANG_WARN_OBJC_ROOT_CLASS = YES_ERROR;
				CLANG_WARN_SUSPICIOUS_MOVES = YES;
				CLANG_WARN_UNREACHABLE_CODE = YES;
				CLANG_WARN__DUPLICATE_METHOD_MATCH = YES;
				"CODE_SIGN_IDENTITY[sdk=iphoneos*]" = "iPhone Developer";
				COPY_PHASE_STRIP = NO;
				DEBUG_INFORMATION_FORMAT = "dwarf-with-dsym";
				ENABLE_NS_ASSERTIONS = NO;
				ENABLE_STRICT_OBJC_MSGSEND = YES;
				GCC_C_LANGUAGE_STANDARD = gnu99;
				GCC_NO_COMMON_BLOCKS = YES;
				GCC_WARN_64_TO_32_BIT_CONVERSION = YES;
				GCC_WARN_ABOUT_RETURN_TYPE = YES_ERROR;
				GCC_WARN_UNDECLARED_SELECTOR = YES;
				GCC_WARN_UNINITIALIZED_AUTOS = YES_AGGRESSIVE;
				GCC_WARN_UNUSED_FUNCTION = YES;
				GCC_WARN_UNUSED_VARIABLE = YES;
				IPHONEOS_DEPLOYMENT_TARGET = 10.0;
				MTL_ENABLE_DEBUG_INFO = NO;
				SDKROOT = iphoneos;
				TARGETED_DEVICE_FAMILY = "1,2";
				VALIDATE_PRODUCT = YES;
			};
			name = Release;
		};
		052FB20D1DAF383400B6425B /* Debug */ = {
			isa = XCBuildConfiguration;
			buildSettings = {
				ASSETCATALOG_COMPILER_APPICON_NAME = AppIcon;
				DEVELOPMENT_TEAM = Q498LWL48Q;
				INFOPLIST_FILE = 123/Info.plist;
				IPHONEOS_DEPLOYMENT_TARGET = 8.3;
				LD_RUNPATH_SEARCH_PATHS = "$(inherited) @executable_path/Frameworks";
				PRODUCT_BUNDLE_IDENTIFIER = "WZM.-23";
				PRODUCT_NAME = "$(TARGET_NAME)";
			};
			name = Debug;
		};
		052FB20E1DAF383400B6425B /* Release */ = {
			isa = XCBuildConfiguration;
			buildSettings = {
				ASSETCATALOG_COMPILER_APPICON_NAME = AppIcon;
				DEVELOPMENT_TEAM = Q498LWL48Q;
				INFOPLIST_FILE = 123/Info.plist;
				IPHONEOS_DEPLOYMENT_TARGET = 8.3;
				LD_RUNPATH_SEARCH_PATHS = "$(inherited) @executable_path/Frameworks";
				PRODUCT_BUNDLE_IDENTIFIER = "WZM.-23";
				PRODUCT_NAME = "$(TARGET_NAME)";
			};
			name = Release;
		};
/* End XCBuildConfiguration section */

/* Begin XCConfigurationList section */
		052FB1F01DAF383400B6425B /* Build configuration list for PBXProject "123" */ = {
			isa = XCConfigurationList;
			buildConfigurations = (
				052FB20A1DAF383400B6425B /* Debug */,
				052FB20B1DAF383400B6425B /* Release */,
			);
			defaultConfigurationIsVisible = 0;
			defaultConfigurationName = Release;
		};
		052FB20C1DAF383400B6425B /* Build configuration list for PBXNativeTarget "123" */ = {
			isa = XCConfigurationList;
			buildConfigurations = (
				052FB20D1DAF383400B6425B /* Debug */,
				052FB20E1DAF383400B6425B /* Release */,
			);
			defaultConfigurationIsVisible = 0;
			defaultConfigurationName = Release;
		};
/* End XCConfigurationList section */
	};
	rootObject = 052FB1ED1DAF383400B6425B /* Project object */;
}
